DEPENDENCIES
  basic_security-tlq
    git: git://github.com/acrogenesis/basic_security-tlq.git
    revision: a82631cc4e1bd404dc67fa9f8b82815b02cd37bb
    branch: patch-1
  build-essential
    git: git://github.com/opscode-cookbooks/build-essential.git
    revision: 830a2b8b8bc09df05b4a6eb4eda23c0e683e4b90
  chef-solo-search
    git: git://github.com/edelight/chef-solo-search.git
    revision: 848fad1461c78fd502975f1df2e14eed12610635
  look_and_feel-tlq
    git: git://github.com/TalkingQuickly/look_and_feel-tlq.git
    revision: bf3b58e4233af1455a615f66a61cd104d43415b6
  memcached-tlq
    git: git://github.com/TalkingQuickly/memcached-tlq.git
    revision: 8ac6e2c68c32f79efcc4c19c7099b7db72ab158d
  nginx-tlq
    git: git://github.com/TalkingQuickly/nginx-tlq.git
    revision: 863f0faadbc5c61e925cb7de10dba97fc695fa89
  postgresql
    git: git://github.com/opscode-cookbooks/postgresql.git
    revision: 3d894a76ccc96d2a5875aee8d9c7380aaecc76da
  rails_gem_dependencies-tlq
    git: git://github.com/TalkingQuickly/rails_gem_dependencies-tlq.git
    revision: 213f5d2ecf1be5d0778414164e84d29166443f44
  redis-tlq
    git: git://github.com/TalkingQuickly/redis-tlq.git
    revision: 0fd9ee3dcc7bd01f37e2e057b146595a7849e6aa
  rvm
    git: git://github.com/fnichol/chef-rvm.git
    revision: dd58087e7399097a9b9df4e2e7235908aace2afd
  sudo
    git: git://github.com/opscode-cookbooks/sudo.git
    revision: d2902b4d6ea6fe2cf175d1921f0cb96b84e089bd
  unicorn
    git: git://github.com/opscode-cookbooks/unicorn.git
    revision: fb99442f9f27642e9a24f16a87b9e28fcd6bafae
  users
    git: git://github.com/opscode-cookbooks/users.git
    revision: 526a61b769778edd4e457a9c58571daee8433e75

GRAPH
  apt (2.3.10)
  basic_security-tlq (0.0.1)
  build-essential (2.0.1)
  chef-solo-search (0.5.1)
  chef_gem (0.1.0)
  java (1.22.0)
  look_and_feel-tlq (0.0.1)
  memcached-tlq (0.0.2)
  nginx-tlq (0.0.4)
  openssl (1.1.0)
  postgresql (3.4.0)
    apt (>= 1.9.0)
    build-essential (>= 0.0.0)
    openssl (>= 0.0.0)
  rails_gem_dependencies-tlq (0.0.1)
  redis-tlq (0.0.6)
  rvm (0.9.2)
    chef_gem (>= 0.0.0)
    java (>= 0.0.0)
  sudo (2.5.3)
  unicorn (1.3.1)
  users (1.7.1)
